github.com/go-logr/logr v0.2.0/go.mod h1:z6/tIYblkpsD+a4lm/fGIIU9mZ+XfAiaFtq7xTgseGU=
github.com/xfali/xlog v0.0.9 h1:U0n9cle55l+pCpd3UdFrP8LCve5yWKtxBeJWgp64sVY=
github.com/xfali/xlog v0.0.9/go.mod h1:W9nEm+z16pEh1HAOW9m/GuVk1h9FE29jv1byivczWcw=
github.com/xfali/xlog v0.1.1 h1:iB5ESlv2/Ig8biThcbJq2ivKewdeQfPFES7LB27ceRE=
github.com/xfali/xlog v0.1.1/go.mod h1:W9nEm+z16pEh1HAOW9m/GuVk1h9FE29jv1byivczWcw=
